
Microsoft Visual Studio Solution File, Format Version 12.00
# Visual Studio Version 16
VisualStudioVersion = 16.0.33927.289
MinimumVisualStudioVersion = 10.0.40219.1
Project("{FAE04EC0-301F-11D3-BF4B-00C04F79EFBC}") = "Ejem2FormAnioBisiesto", "Ejem2FormAnioBisiesto.csproj", "{683F4108-AB73-4521-BBBA-A6C77632204E}"
EndProject
Global
	GlobalSection(SolutionConfigurationPlatforms) = preSolution
		Debug|Any CPU = Debug|Any CPU
		Release|Any CPU = Release|Any CPU
	EndGlobalSection
	GlobalSection(ProjectConfigurationPlatforms) = postSolution
		{683F4108-AB73-4521-BBBA-A6C77632204E}.Debug|Any CPU.ActiveCfg = Debug|Any CPU
		{683F4108-AB73-4521-BBBA-A6C77632204E}.Debug|Any CPU.Build.0 = Debug|Any CPU
		{683F4108-AB73-4521-BBBA-A6C77632204E}.Release|Any CPU.ActiveCfg = Release|Any CPU
		{683F4108-AB73-4521-BBBA-A6C77632204E}.Release|Any CPU.Build.0 = Release|Any CPU
	EndGlobalSection
	GlobalSection(SolutionProperties) = preSolution
		HideSolutionNode = FALSE
	EndGlobalSection
	GlobalSection(ExtensibilityGlobals) = postSolution
		SolutionGuid = {5B414FFB-AAD0-456E-AF37-2F6002B5F0A2}
	EndGlobalSection
EndGlobal
